
Microsoft Visual Studio Solution File, Format Version 12.00
# Visual Studio Version 17
VisualStudioVersion = 17.14.36616.10 d17.14
MinimumVisualStudioVersion = 10.0.40219.1
Project("{FAE04EC0-301F-11D3-BF4B-00C04F79EFBC}") = "Bai1", "Bai1.csproj", "{FF1FBCD9-6363-4677-8B7A-510AA638607E}"
EndProject
Global
	GlobalSection(SolutionConfigurationPlatforms) = preSolution
		Debug|Any CPU = Debug|Any CPU
		Release|Any CPU = Release|Any CPU
	EndGlobalSection
	GlobalSection(ProjectConfigurationPlatforms) = postSolution
		{FF1FBCD9-6363-4677-8B7A-510AA638607E}.Debug|Any CPU.ActiveCfg = Debug|Any CPU
		{FF1FBCD9-6363-4677-8B7A-510AA638607E}.Debug|Any CPU.Build.0 = Debug|Any CPU
		{FF1FBCD9-6363-4677-8B7A-510AA638607E}.Release|Any CPU.ActiveCfg = Release|Any CPU
		{FF1FBCD9-6363-4677-8B7A-510AA638607E}.Release|Any CPU.Build.0 = Release|Any CPU
	EndGlobalSection
	GlobalSection(SolutionProperties) = preSolution
		HideSolutionNode = FALSE
	EndGlobalSection
	GlobalSection(ExtensibilityGlobals) = postSolution
		SolutionGuid = {50BC9E30-5304-4B65-997D-D42B1D29C1DC}
	EndGlobalSection
EndGlobal
