
Microsoft Visual Studio Solution File, Format Version 12.00
# Visual Studio Version 17
VisualStudioVersion = 17.14.36915.13 d17.14
MinimumVisualStudioVersion = 10.0.40219.1
Project("{FAE04EC0-301F-11D3-BF4B-00C04F79EFBC}") = "Bai5_2_Phuong_trinh", "Bai5_2_Phuong_trinh.csproj", "{6BB918FD-2A95-48EE-ACEB-B3C41C342AFD}"
EndProject
Global
	GlobalSection(SolutionConfigurationPlatforms) = preSolution
		Debug|Any CPU = Debug|Any CPU
		Release|Any CPU = Release|Any CPU
	EndGlobalSection
	GlobalSection(ProjectConfigurationPlatforms) = postSolution
		{6BB918FD-2A95-48EE-ACEB-B3C41C342AFD}.Debug|Any CPU.ActiveCfg = Debug|Any CPU
		{6BB918FD-2A95-48EE-ACEB-B3C41C342AFD}.Debug|Any CPU.Build.0 = Debug|Any CPU
		{6BB918FD-2A95-48EE-ACEB-B3C41C342AFD}.Release|Any CPU.ActiveCfg = Release|Any CPU
		{6BB918FD-2A95-48EE-ACEB-B3C41C342AFD}.Release|Any CPU.Build.0 = Release|Any CPU
	EndGlobalSection
	GlobalSection(SolutionProperties) = preSolution
		HideSolutionNode = FALSE
	EndGlobalSection
	GlobalSection(ExtensibilityGlobals) = postSolution
		SolutionGuid = {B497EE60-0809-408B-8A59-D6CEB3C87B45}
	EndGlobalSection
EndGlobal
